
Microsoft Visual Studio Solution File, Format Version 11.00
# Visual Studio 2010
Project("{2150E333-8FDC-42A3-9474-1A3956D46DE8}") = "Solution Items", "Solution Items", "{64C35F9C-9607-4507-8381-B1E20B0A2B44}"
	ProjectSection(SolutionItems) = preProject
		Build.xml = Build.xml
		Scripts\deployScript.bat = Scripts\deployScript.bat
		LICENSE.txt = LICENSE.txt
		README.md = README.md
	EndProjectSection
EndProject
Project("{FAE04EC0-301F-11D3-BF4B-00C04F79EFBC}") = "LANdrop", "LANdrop\LANdrop.csproj", "{5764DB22-3380-4C8E-8F7B-461003CF8456}"
EndProject
Project("{FAE04EC0-301F-11D3-BF4B-00C04F79EFBC}") = "BuildPrepare", "BuildPrepare\BuildPrepare.csproj", "{9682AB85-B6A0-4E85-B03D-00C5202B7C70}"
EndProject
Global
	GlobalSection(SolutionConfigurationPlatforms) = preSolution
		Debug|Any CPU = Debug|Any CPU
		Release|Any CPU = Release|Any CPU
	EndGlobalSection
	GlobalSection(ProjectConfigurationPlatforms) = postSolution
		{5764DB22-3380-4C8E-8F7B-461003CF8456}.Debug|Any CPU.ActiveCfg = Debug|Any CPU
		{5764DB22-3380-4C8E-8F7B-461003CF8456}.Debug|Any CPU.Build.0 = Debug|Any CPU
		{5764DB22-3380-4C8E-8F7B-461003CF8456}.Release|Any CPU.ActiveCfg = Release|Any CPU
		{5764DB22-3380-4C8E-8F7B-461003CF8456}.Release|Any CPU.Build.0 = Release|Any CPU
		{9682AB85-B6A0-4E85-B03D-00C5202B7C70}.Debug|Any CPU.ActiveCfg = Debug|Any CPU
		{9682AB85-B6A0-4E85-B03D-00C5202B7C70}.Debug|Any CPU.Build.0 = Debug|Any CPU
		{9682AB85-B6A0-4E85-B03D-00C5202B7C70}.Release|Any CPU.ActiveCfg = Release|Any CPU
		{9682AB85-B6A0-4E85-B03D-00C5202B7C70}.Release|Any CPU.Build.0 = Release|Any CPU
	EndGlobalSection
	GlobalSection(SolutionProperties) = preSolution
		HideSolutionNode = FALSE
	EndGlobalSection
EndGlobal
