
Microsoft Visual Studio Solution File, Format Version 10.00
# Visual Studio 2008
Project("{FAE04EC0-301F-11D3-BF4B-00C04F79EFBC}") = "LANdrop", "LANdrop\LANdrop.csproj", "{5764DB22-3380-4C8E-8F7B-461003CF8456}"
EndProject
Global
	GlobalSection(SolutionConfigurationPlatforms) = preSolution
		Debug|Any CPU = Debug|Any CPU
		Release|Any CPU = Release|Any CPU
	EndGlobalSection
	GlobalSection(ProjectConfigurationPlatforms) = postSolution
		{5764DB22-3380-4C8E-8F7B-461003CF8456}.Debug|Any CPU.ActiveCfg = Debug|Any CPU
		{5764DB22-3380-4C8E-8F7B-461003CF8456}.Debug|Any CPU.Build.0 = Debug|Any CPU
		{5764DB22-3380-4C8E-8F7B-461003CF8456}.Release|Any CPU.ActiveCfg = Release|Any CPU
		{5764DB22-3380-4C8E-8F7B-461003CF8456}.Release|Any CPU.Build.0 = Release|Any CPU
	EndGlobalSection
	GlobalSection(SolutionProperties) = preSolution
		HideSolutionNode = FALSE
	EndGlobalSection
EndGlobal
